
Microsoft Visual Studio Solution File, Format Version 12.00
# Visual Studio Version 17
VisualStudioVersion = 17.14.36310.24
MinimumVisualStudioVersion = 10.0.40219.1
Project("{2150E333-8FDC-42A3-9474-1A3956D46DE8}") = "解决方案项", "解决方案项", "{02EA681E-C7D8-13C7-8484-4AC65E1B71E8}"
	ProjectSection(SolutionItems) = preProject
		.csharpierrc.json = .csharpierrc.json
		.editorconfig = .editorconfig
		.gitattributes = .gitattributes
		.gitignore = .gitignore
		Directory.Build.props = Directory.Build.props
		LICENSE = LICENSE
		README.md = README.md
		Settings.XamlStyler = Settings.XamlStyler
	EndProjectSection
EndProject
Project("{FAE04EC0-301F-11D3-BF4B-00C04F79EFBC}") = "OnnxExtensions", "src\OnnxExtensions\OnnxExtensions.csproj", "{C2FD3903-5694-2113-586E-31E7F96A057A}"
EndProject
Global
	GlobalSection(SolutionConfigurationPlatforms) = preSolution
		Debug|Any CPU = Debug|Any CPU
		Release|Any CPU = Release|Any CPU
	EndGlobalSection
	GlobalSection(ProjectConfigurationPlatforms) = postSolution
		{C2FD3903-5694-2113-586E-31E7F96A057A}.Debug|Any CPU.ActiveCfg = Debug|Any CPU
		{C2FD3903-5694-2113-586E-31E7F96A057A}.Debug|Any CPU.Build.0 = Debug|Any CPU
		{C2FD3903-5694-2113-586E-31E7F96A057A}.Release|Any CPU.ActiveCfg = Release|Any CPU
		{C2FD3903-5694-2113-586E-31E7F96A057A}.Release|Any CPU.Build.0 = Release|Any CPU
	EndGlobalSection
	GlobalSection(SolutionProperties) = preSolution
		HideSolutionNode = FALSE
	EndGlobalSection
	GlobalSection(ExtensibilityGlobals) = postSolution
		SolutionGuid = {3CADF1C2-339F-4B16-BCC0-1ADCD73FA715}
	EndGlobalSection
EndGlobal
